
Microsoft Visual Studio Solution File, Format Version 12.00
# Visual Studio 14
VisualStudioVersion = 14.0.25420.1
MinimumVisualStudioVersion = 10.0.40219.1
Project("{FAE04EC0-301F-11D3-BF4B-00C04F79EFBC}") = "MonoWebApp", "MonoWebApp\MonoWebApp.csproj", "{478231B4-00A2-4757-B7AF-8C090DC5FCAB}"
EndProject
Global
	GlobalSection(SolutionConfigurationPlatforms) = preSolution
		Debug|Any CPU = Debug|Any CPU
		Release|Any CPU = Release|Any CPU
	EndGlobalSection
	GlobalSection(ProjectConfigurationPlatforms) = postSolution
		{478231B4-00A2-4757-B7AF-8C090DC5FCAB}.Debug|Any CPU.ActiveCfg = Debug|Any CPU
		{478231B4-00A2-4757-B7AF-8C090DC5FCAB}.Debug|Any CPU.Build.0 = Debug|Any CPU
		{478231B4-00A2-4757-B7AF-8C090DC5FCAB}.Release|Any CPU.ActiveCfg = Release|Any CPU
		{478231B4-00A2-4757-B7AF-8C090DC5FCAB}.Release|Any CPU.Build.0 = Release|Any CPU
	EndGlobalSection
	GlobalSection(SolutionProperties) = preSolution
		HideSolutionNode = FALSE
	EndGlobalSection
EndGlobal
